
Microsoft Visual Studio Solution File, Format Version 12.00
# Visual Studio Version 17
VisualStudioVersion = 17.2.32526.322
MinimumVisualStudioVersion = 10.0.40219.1
Project("{9A19103F-16F7-4668-BE54-9A1E7A4F7556}") = "CollectorsAppApi", "CollectorsAppApi\CollectorsAppApi.csproj", "{5B9471D6-71D4-44E4-B0DD-81E966AAFCD5}"
EndProject
Project("{FAE04EC0-301F-11D3-BF4B-00C04F79EFBC}") = "UnitTests", "UnitTests\UnitTests.csproj", "{1E9E4200-636E-4BDB-80C1-B48D490D70EB}"
EndProject
Global
	GlobalSection(SolutionConfigurationPlatforms) = preSolution
		Debug|Any CPU = Debug|Any CPU
		Release|Any CPU = Release|Any CPU
	EndGlobalSection
	GlobalSection(ProjectConfigurationPlatforms) = postSolution
		{5B9471D6-71D4-44E4-B0DD-81E966AAFCD5}.Debug|Any CPU.ActiveCfg = Debug|Any CPU
		{5B9471D6-71D4-44E4-B0DD-81E966AAFCD5}.Debug|Any CPU.Build.0 = Debug|Any CPU
		{5B9471D6-71D4-44E4-B0DD-81E966AAFCD5}.Release|Any CPU.ActiveCfg = Release|Any CPU
		{5B9471D6-71D4-44E4-B0DD-81E966AAFCD5}.Release|Any CPU.Build.0 = Release|Any CPU
		{1E9E4200-636E-4BDB-80C1-B48D490D70EB}.Debug|Any CPU.ActiveCfg = Debug|Any CPU
		{1E9E4200-636E-4BDB-80C1-B48D490D70EB}.Debug|Any CPU.Build.0 = Debug|Any CPU
		{1E9E4200-636E-4BDB-80C1-B48D490D70EB}.Release|Any CPU.ActiveCfg = Release|Any CPU
		{1E9E4200-636E-4BDB-80C1-B48D490D70EB}.Release|Any CPU.Build.0 = Release|Any CPU
	EndGlobalSection
	GlobalSection(SolutionProperties) = preSolution
		HideSolutionNode = FALSE
	EndGlobalSection
	GlobalSection(ExtensibilityGlobals) = postSolution
		SolutionGuid = {A0A217CC-E349-475B-9E92-00309D9C2087}
	EndGlobalSection
EndGlobal
